// !$*UTF8*$!
{
	archiveVersion = 1;
	classes = {
	};
	objectVersion = 56;
	objects = {

/* Begin PBXBuildFile section */
		2875E4462A5424C300CB5BE7 /* AppDelegate.swift in Sources */ = {isa = PBXBuildFile; fileRef = 2875E4452A5424C300CB5BE7 /* AppDelegate.swift */; };
		2875E4482A5424C300CB5BE7 /* SceneDelegate.swift in Sources */ = {isa = PBXBuildFile; fileRef = 2875E4472A5424C300CB5BE7 /* SceneDelegate.swift */; };
		2875E44A2A5424C300CB5BE7 /* ViewController.swift in Sources */ = {isa = PBXBuildFile; fileRef = 2875E4492A5424C300CB5BE7 /* ViewController.swift */; };
		2875E44D2A5424C300CB5BE7 /* Main.storyboard in Resources */ = {isa = PBXBuildFile; fileRef = 2875E44B2A5424C300CB5BE7 /* Main.storyboard */; };
		2875E44F2A5424C400CB5BE7 /* Assets.xcassets in Resources */ = {isa = PBXBuildFile; fileRef = 2875E44E2A5424C400CB5BE7 /* Assets.xcassets */; };
		2875E4522A5424C400CB5BE7 /* LaunchScreen.storyboard in Resources */ = {isa = PBXBuildFile; fileRef = 2875E4502A5424C400CB5BE7 /* LaunchScreen.storyboard */; };
		2875E45F2A54280200CB5BE7 /* Focus Timer.storyboard in Resources */ = {isa = PBXBuildFile; fileRef = 2875E45E2A54280200CB5BE7 /* Focus Timer.storyboard */; };
		2875E4612A542B1100CB5BE7 /* Planer.storyboard in Resources */ = {isa = PBXBuildFile; fileRef = 2875E4602A542B1100CB5BE7 /* Planer.storyboard */; };
		2875E4632A542B9A00CB5BE7 /* Diary.storyboard in Resources */ = {isa = PBXBuildFile; fileRef = 2875E4622A542B9A00CB5BE7 /* Diary.storyboard */; };
		28FDBD972A58BE0400EED710 /* CalendarHelper.swift in Sources */ = {isa = PBXBuildFile; fileRef = 28FDBD962A58BE0400EED710 /* CalendarHelper.swift */; };
		28FE50792A58947900D5BD57 /* CalendarCell.swift in Sources */ = {isa = PBXBuildFile; fileRef = 28FE50782A58947900D5BD57 /* CalendarCell.swift */; };
		28FE507F2A5897EF00D5BD57 /* PlanerViewController.swift in Sources */ = {isa = PBXBuildFile; fileRef = 28FE507E2A5897EF00D5BD57 /* PlanerViewController.swift */; };
		DDBDA3232A59B9BC00CD76FA /* DiaryViewController.swift in Sources */ = {isa = PBXBuildFile; fileRef = DDBDA3222A59B9BC00CD76FA /* DiaryViewController.swift */; };
		DDBDA3252A59B9E800CD76FA /* NoteViewController.swift in Sources */ = {isa = PBXBuildFile; fileRef = DDBDA3242A59B9E800CD76FA /* NoteViewController.swift */; };
		DDBDA3272A59BA0700CD76FA /* EntryViewController.swift in Sources */ = {isa = PBXBuildFile; fileRef = DDBDA3262A59BA0700CD76FA /* EntryViewController.swift */; };
		F03B56852A5D38F300F6BCB6 /* FocusTimerViewController.swift in Sources */ = {isa = PBXBuildFile; fileRef = F03B56842A5D38F300F6BCB6 /* FocusTimerViewController.swift */; };
/* End PBXBuildFile section */

/* Begin PBXFileReference section */
		2875E4422A5424C300CB5BE7 /* MyHelper.app */ = {isa = PBXFileReference; explicitFileType = wrapper.application; includeInIndex = 0; path = MyHelper.app; sourceTree = BUILT_PRODUCTS_DIR; };
		2875E4452A5424C300CB5BE7 /* AppDelegate.swift */ = {isa = PBXFileReference; lastKnownFileType = sourcecode.swift; path = AppDelegate.swift; sourceTree = "<group>"; };
		2875E4472A5424C300CB5BE7 /* SceneDelegate.swift */ = {isa = PBXFileReference; lastKnownFileType = sourcecode.swift; path = SceneDelegate.swift; sourceTree = "<group>"; };
		2875E4492A5424C300CB5BE7 /* ViewController.swift */ = {isa = PBXFileReference; lastKnownFileType = sourcecode.swift; path = ViewController.swift; sourceTree = "<group>"; };
		2875E44C2A5424C300CB5BE7 /* Base */ = {isa = PBXFileReference; lastKnownFileType = file.storyboard; name = Base; path = Base.lproj/Main.storyboard; sourceTree = "<group>"; };
		2875E44E2A5424C400CB5BE7 /* Assets.xcassets */ = {isa = PBXFileReference; lastKnownFileType = folder.assetcatalog; path = Assets.xcassets; sourceTree = "<group>"; };
		2875E4512A5424C400CB5BE7 /* Base */ = {isa = PBXFileReference; lastKnownFileType = file.storyboard; name = Base; path = Base.lproj/LaunchScreen.storyboard; sourceTree = "<group>"; };
		2875E4532A5424C400CB5BE7 /* Info.plist */ = {isa = PBXFileReference; lastKnownFileType = text.plist.xml; path = Info.plist; sourceTree = "<group>"; };
		2875E45E2A54280200CB5BE7 /* Focus Timer.storyboard */ = {isa = PBXFileReference; lastKnownFileType = file.storyboard; path = "Focus Timer.storyboard"; sourceTree = "<group>"; };
		2875E4602A542B1100CB5BE7 /* Planer.storyboard */ = {isa = PBXFileReference; lastKnownFileType = file.storyboard; path = Planer.storyboard; sourceTree = "<group>"; };
		2875E4622A542B9A00CB5BE7 /* Diary.storyboard */ = {isa = PBXFileReference; lastKnownFileType = file.storyboard; path = Diary.storyboard; sourceTree = "<group>"; };
		28FDBD962A58BE0400EED710 /* CalendarHelper.swift */ = {isa = PBXFileReference; lastKnownFileType = sourcecode.swift; path = CalendarHelper.swift; sourceTree = "<group>"; };
		28FE50782A58947900D5BD57 /* CalendarCell.swift */ = {isa = PBXFileReference; lastKnownFileType = sourcecode.swift; path = CalendarCell.swift; sourceTree = "<group>"; };
		28FE507E2A5897EF00D5BD57 /* PlanerViewController.swift */ = {isa = PBXFileReference; lastKnownFileType = sourcecode.swift; path = PlanerViewController.swift; sourceTree = "<group>"; };
		DDBDA3222A59B9BC00CD76FA /* DiaryViewController.swift */ = {isa = PBXFileReference; lastKnownFileType = sourcecode.swift; path = DiaryViewController.swift; sourceTree = "<group>"; };
		DDBDA3242A59B9E800CD76FA /* NoteViewController.swift */ = {isa = PBXFileReference; lastKnownFileType = sourcecode.swift; path = NoteViewController.swift; sourceTree = "<group>"; };
		DDBDA3262A59BA0700CD76FA /* EntryViewController.swift */ = {isa = PBXFileReference; lastKnownFileType = sourcecode.swift; path = EntryViewController.swift; sourceTree = "<group>"; };
		F03B56842A5D38F300F6BCB6 /* FocusTimerViewController.swift */ = {isa = PBXFileReference; lastKnownFileType = sourcecode.swift; path = FocusTimerViewController.swift; sourceTree = "<group>"; };
/* End PBXFileReference section */

/* Begin PBXFrameworksBuildPhase section */
		2875E43F2A5424C300CB5BE7 /* Frameworks */ = {
			isa = PBXFrameworksBuildPhase;
			buildActionMask = 2147483647;
			files = (
			);
			runOnlyForDeploymentPostprocessing = 0;
		};
/* End PBXFrameworksBuildPhase section */

/* Begin PBXGroup section */
		2875E4392A5424C300CB5BE7 = {
			isa = PBXGroup;
			children = (
				2875E4442A5424C300CB5BE7 /* MyHelper */,
				2875E4432A5424C300CB5BE7 /* Products */,
			);
			sourceTree = "<group>";
		};
		2875E4432A5424C300CB5BE7 /* Products */ = {
			isa = PBXGroup;
			children = (
				2875E4422A5424C300CB5BE7 /* MyHelper.app */,
			);
			name = Products;
			sourceTree = "<group>";
		};
		2875E4442A5424C300CB5BE7 /* MyHelper */ = {
			isa = PBXGroup;
			children = (
				2875E45A2A54277100CB5BE7 /* Modules */,
				2875E4592A54272F00CB5BE7 /* ApplicationLifecycle */,
				2875E4492A5424C300CB5BE7 /* ViewController.swift */,
				2875E44B2A5424C300CB5BE7 /* Main.storyboard */,
				2875E44E2A5424C400CB5BE7 /* Assets.xcassets */,
				2875E4532A5424C400CB5BE7 /* Info.plist */,
			);
			path = MyHelper;
			sourceTree = "<group>";
		};
		2875E4592A54272F00CB5BE7 /* ApplicationLifecycle */ = {
			isa = PBXGroup;
			children = (
				2875E4472A5424C300CB5BE7 /* SceneDelegate.swift */,
				2875E4452A5424C300CB5BE7 /* AppDelegate.swift */,
				2875E4502A5424C400CB5BE7 /* LaunchScreen.storyboard */,
			);
			path = ApplicationLifecycle;
			sourceTree = "<group>";
		};
		2875E45A2A54277100CB5BE7 /* Modules */ = {
			isa = PBXGroup;
			children = (
				2875E45D2A5427D600CB5BE7 /* Diary */,
				2875E45C2A5427A900CB5BE7 /* Planer */,
				2875E45B2A54278400CB5BE7 /* Focus Timer */,
			);
			path = Modules;
			sourceTree = "<group>";
		};
		2875E45B2A54278400CB5BE7 /* Focus Timer */ = {
			isa = PBXGroup;
			children = (
				2875E45E2A54280200CB5BE7 /* Focus Timer.storyboard */,
				F03B56842A5D38F300F6BCB6 /* FocusTimerViewController.swift */,
			);
			path = "Focus Timer";
			sourceTree = "<group>";
		};
		2875E45C2A5427A900CB5BE7 /* Planer */ = {
			isa = PBXGroup;
			children = (
				2875E4602A542B1100CB5BE7 /* Planer.storyboard */,
				28FE50782A58947900D5BD57 /* CalendarCell.swift */,
				28FE507E2A5897EF00D5BD57 /* PlanerViewController.swift */,
				28FDBD962A58BE0400EED710 /* CalendarHelper.swift */,
			);
			path = Planer;
			sourceTree = "<group>";
		};
		2875E45D2A5427D600CB5BE7 /* Diary */ = {
			isa = PBXGroup;
			children = (
				2875E4622A542B9A00CB5BE7 /* Diary.storyboard */,
				DDBDA3222A59B9BC00CD76FA /* DiaryViewController.swift */,
				DDBDA3242A59B9E800CD76FA /* NoteViewController.swift */,
				DDBDA3262A59BA0700CD76FA /* EntryViewController.swift */,
			);
			path = Diary;
			sourceTree = "<group>";
		};
/* End PBXGroup section */

/* Begin PBXNativeTarget section */
		2875E4412A5424C300CB5BE7 /* MyHelper */ = {
			isa = PBXNativeTarget;
			buildConfigurationList = 2875E4562A5424C400CB5BE7 /* Build configuration list for PBXNativeTarget "MyHelper" */;
			buildPhases = (
				2875E43E2A5424C300CB5BE7 /* Sources */,
				2875E43F2A5424C300CB5BE7 /* Frameworks */,
				2875E4402A5424C300CB5BE7 /* Resources */,
			);
			buildRules = (
			);
			dependencies = (
			);
			name = MyHelper;
			productName = MyHelper;
			productReference = 2875E4422A5424C300CB5BE7 /* MyHelper.app */;
			productType = "com.apple.product-type.application";
		};
/* End PBXNativeTarget section */

/* Begin PBXProject section */
		2875E43A2A5424C300CB5BE7 /* Project object */ = {
			isa = PBXProject;
			attributes = {
				BuildIndependentTargetsInParallel = 1;
				KnownAssetTags = (
					123,
				);
				LastSwiftUpdateCheck = 1430;
				LastUpgradeCheck = 1430;
				TargetAttributes = {
					2875E4412A5424C300CB5BE7 = {
						CreatedOnToolsVersion = 14.3.1;
					};
				};
			};
			buildConfigurationList = 2875E43D2A5424C300CB5BE7 /* Build configuration list for PBXProject "MyHelper" */;
			compatibilityVersion = "Xcode 14.0";
			developmentRegion = en;
			hasScannedForEncodings = 0;
			knownRegions = (
				en,
				Base,
			);
			mainGroup = 2875E4392A5424C300CB5BE7;
			productRefGroup = 2875E4432A5424C300CB5BE7 /* Products */;
			projectDirPath = "";
			projectRoot = "";
			targets = (
				2875E4412A5424C300CB5BE7 /* MyHelper */,
			);
		};
/* End PBXProject section */

/* Begin PBXResourcesBuildPhase section */
		2875E4402A5424C300CB5BE7 /* Resources */ = {
			isa = PBXResourcesBuildPhase;
			buildActionMask = 2147483647;
			files = (
				2875E4522A5424C400CB5BE7 /* LaunchScreen.storyboard in Resources */,
				2875E45F2A54280200CB5BE7 /* Focus Timer.storyboard in Resources */,
				2875E4632A542B9A00CB5BE7 /* Diary.storyboard in Resources */,
				2875E4612A542B1100CB5BE7 /* Planer.storyboard in Resources */,
				2875E44F2A5424C400CB5BE7 /* Assets.xcassets in Resources */,
				2875E44D2A5424C300CB5BE7 /* Main.storyboard in Resources */,
			);
			runOnlyForDeploymentPostprocessing = 0;
		};
/* End PBXResourcesBuildPhase section */

/* Begin PBXSourcesBuildPhase section */
		2875E43E2A5424C300CB5BE7 /* Sources */ = {
			isa = PBXSourcesBuildPhase;
			buildActionMask = 2147483647;
			files = (
				DDBDA3252A59B9E800CD76FA /* NoteViewController.swift in Sources */,
				2875E44A2A5424C300CB5BE7 /* ViewController.swift in Sources */,
				28FDBD972A58BE0400EED710 /* CalendarHelper.swift in Sources */,
				28FE507F2A5897EF00D5BD57 /* PlanerViewController.swift in Sources */,
				DDBDA3232A59B9BC00CD76FA /* DiaryViewController.swift in Sources */,
				F03B56852A5D38F300F6BCB6 /* FocusTimerViewController.swift in Sources */,
				DDBDA3272A59BA0700CD76FA /* EntryViewController.swift in Sources */,
				28FE50792A58947900D5BD57 /* CalendarCell.swift in Sources */,
				2875E4462A5424C300CB5BE7 /* AppDelegate.swift in Sources */,
				2875E4482A5424C300CB5BE7 /* SceneDelegate.swift in Sources */,
			);
			runOnlyForDeploymentPostprocessing = 0;
		};
/* End PBXSourcesBuildPhase section */

/* Begin PBXVariantGroup section */
		2875E44B2A5424C300CB5BE7 /* Main.storyboard */ = {
			isa = PBXVariantGroup;
			children = (
				2875E44C2A5424C300CB5BE7 /* Base */,
			);
			name = Main.storyboard;
			sourceTree = "<group>";
		};
		2875E4502A5424C400CB5BE7 /* LaunchScreen.storyboard */ = {
			isa = PBXVariantGroup;
			children = (
				2875E4512A5424C400CB5BE7 /* Base */,
			);
			name = LaunchScreen.storyboard;
			sourceTree = "<group>";
		};
/* End PBXVariantGroup section */

/* Begin XCBuildConfiguration section */
		2875E4542A5424C400CB5BE7 /* Debug */ = {
			isa = XCBuildConfiguration;
			buildSettings = {
				ALWAYS_SEARCH_USER_PATHS = NO;
				CLANG_ANALYZER_NONNULL = YES;
				CLANG_ANALYZER_NUMBER_OBJECT_CONVERSION = YES_AGGRESSIVE;
				CLANG_CXX_LANGUAGE_STANDARD = "gnu++20";
				CLANG_ENABLE_MODULES = YES;
				CLANG_ENABLE_OBJC_ARC = YES;
				CLANG_ENABLE_OBJC_WEAK = YES;
				CLANG_WARN_BLOCK_CAPTURE_AUTORELEASING = YES;
				CLANG_WARN_BOOL_CONVERSION = YES;
				CLANG_WARN_COMMA = YES;
				CLANG_WARN_CONSTANT_CONVERSION = YES;
				CLANG_WARN_DEPRECATED_OBJC_IMPLEMENTATIONS = YES;
				CLANG_WARN_DIRECT_OBJC_ISA_USAGE = YES_ERROR;
				CLANG_WARN_DOCUMENTATION_COMMENTS = YES;
				CLANG_WARN_EMPTY_BODY = YES;
				CLANG_WARN_ENUM_CONVERSION = YES;
				CLANG_WARN_INFINITE_RECURSION = YES;
				CLANG_WARN_INT_CONVERSION = YES;
				CLANG_WARN_NON_LITERAL_NULL_CONVERSION = YES;
				CLANG_WARN_OBJC_IMPLICIT_RETAIN_SELF = YES;
				CLANG_WARN_OBJC_LITERAL_CONVERSION = YES;
				CLANG_WARN_OBJC_ROOT_CLASS = YES_ERROR;
				CLANG_WARN_QUOTED_INCLUDE_IN_FRAMEWORK_HEADER = YES;
				CLANG_WARN_RANGE_LOOP_ANALYSIS = YES;
				CLANG_WARN_STRICT_PROTOTYPES = YES;
				CLANG_WARN_SUSPICIOUS_MOVE = YES;
				CLANG_WARN_UNGUARDED_AVAILABILITY = YES_AGGRESSIVE;
				CLANG_WARN_UNREACHABLE_CODE = YES;
				CLANG_WARN__DUPLICATE_METHOD_MATCH = YES;
				COPY_PHASE_STRIP = NO;
				DEBUG_INFORMATION_FORMAT = dwarf;
				ENABLE_STRICT_OBJC_MSGSEND = YES;
				ENABLE_TESTABILITY = YES;
				GCC_C_LANGUAGE_STANDARD = gnu11;
				GCC_DYNAMIC_NO_PIC = NO;
				GCC_NO_COMMON_BLOCKS = YES;
				GCC_OPTIMIZATION_LEVEL = 0;
				GCC_PREPROCESSOR_DEFINITIONS = (
					"DEBUG=1",
					"$(inherited)",
				);
				GCC_WARN_64_TO_32_BIT_CONVERSION = YES;
				GCC_WARN_ABOUT_RETURN_TYPE = YES_ERROR;
				GCC_WARN_UNDECLARED_SELECTOR = YES;
				GCC_WARN_UNINITIALIZED_AUTOS = YES_AGGRESSIVE;
				GCC_WARN_UNUSED_FUNCTION = YES;
				GCC_WARN_UNUSED_VARIABLE = YES;
				IPHONEOS_DEPLOYMENT_TARGET = 16.4;
				MTL_ENABLE_DEBUG_INFO = INCLUDE_SOURCE;
				MTL_FAST_MATH = YES;
				ONLY_ACTIVE_ARCH = YES;
				SDKROOT = iphoneos;
				SWIFT_ACTIVE_COMPILATION_CONDITIONS = DEBUG;
				SWIFT_OPTIMIZATION_LEVEL = "-Onone";
			};
			name = Debug;
		};
		2875E4552A5424C400CB5BE7 /* Release */ = {
			isa = XCBuildConfiguration;
			buildSettings = {
				ALWAYS_SEARCH_USER_PATHS = NO;
				CLANG_ANALYZER_NONNULL = YES;
				CLANG_ANALYZER_NUMBER_OBJECT_CONVERSION = YES_AGGRESSIVE;
				CLANG_CXX_LANGUAGE_STANDARD = "gnu++20";
				CLANG_ENABLE_MODULES = YES;
				CLANG_ENABLE_OBJC_ARC = YES;
				CLANG_ENABLE_OBJC_WEAK = YES;
				CLANG_WARN_BLOCK_CAPTURE_AUTORELEASING = YES;
				CLANG_WARN_BOOL_CONVERSION = YES;
				CLANG_WARN_COMMA = YES;
				CLANG_WARN_CONSTANT_CONVERSION = YES;
				CLANG_WARN_DEPRECATED_OBJC_IMPLEMENTATIONS = YES;
				CLANG_WARN_DIRECT_OBJC_ISA_USAGE = YES_ERROR;
				CLANG_WARN_DOCUMENTATION_COMMENTS = YES;
				CLANG_WARN_EMPTY_BODY = YES;
				CLANG_WARN_ENUM_CONVERSION = YES;
				CLANG_WARN_INFINITE_RECURSION = YES;
				CLANG_WARN_INT_CONVERSION = YES;
				CLANG_WARN_NON_LITERAL_NULL_CONVERSION = YES;
				CLANG_WARN_OBJC_IMPLICIT_RETAIN_SELF = YES;
				CLANG_WARN_OBJC_LITERAL_CONVERSION = YES;
				CLANG_WARN_OBJC_ROOT_CLASS = YES_ERROR;
				CLANG_WARN_QUOTED_INCLUDE_IN_FRAMEWORK_HEADER = YES;
				CLANG_WARN_RANGE_LOOP_ANALYSIS = YES;
				CLANG_WARN_STRICT_PROTOTYPES = YES;
				CLANG_WARN_SUSPICIOUS_MOVE = YES;
				CLANG_WARN_UNGUARDED_AVAILABILITY = YES_AGGRESSIVE;
				CLANG_WARN_UNREACHABLE_CODE = YES;
				CLANG_WARN__DUPLICATE_METHOD_MATCH = YES;
				COPY_PHASE_STRIP = NO;
				DEBUG_INFORMATION_FORMAT = "dwarf-with-dsym";
				ENABLE_NS_ASSERTIONS = NO;
				ENABLE_STRICT_OBJC_MSGSEND = YES;
				GCC_C_LANGUAGE_STANDARD = gnu11;
				GCC_NO_COMMON_BLOCKS = YES;
				GCC_WARN_64_TO_32_BIT_CONVERSION = YES;
				GCC_WARN_ABOUT_RETURN_TYPE = YES_ERROR;
				GCC_WARN_UNDECLARED_SELECTOR = YES;
				GCC_WARN_UNINITIALIZED_AUTOS = YES_AGGRESSIVE;
				GCC_WARN_UNUSED_FUNCTION = YES;
				GCC_WARN_UNUSED_VARIABLE = YES;
				IPHONEOS_DEPLOYMENT_TARGET = 16.4;
				MTL_ENABLE_DEBUG_INFO = NO;
				MTL_FAST_MATH = YES;
				SDKROOT = iphoneos;
				SWIFT_COMPILATION_MODE = wholemodule;
				SWIFT_OPTIMIZATION_LEVEL = "-O";
				VALIDATE_PRODUCT = YES;
			};
			name = Release;
		};
		2875E4572A5424C400CB5BE7 /* Debug */ = {
			isa = XCBuildConfiguration;
			buildSettings = {
				ASSETCATALOG_COMPILER_APPICON_NAME = AppIcon;
				ASSETCATALOG_COMPILER_GLOBAL_ACCENT_COLOR_NAME = AccentColor;
				CODE_SIGN_STYLE = Automatic;
				CURRENT_PROJECT_VERSION = 1;
				GENERATE_INFOPLIST_FILE = YES;
				INFOPLIST_FILE = MyHelper/Info.plist;
				INFOPLIST_KEY_UIApplicationSupportsIndirectInputEvents = YES;
				INFOPLIST_KEY_UILaunchStoryboardName = LaunchScreen;
				INFOPLIST_KEY_UIMainStoryboardFile = Main;
				INFOPLIST_KEY_UISupportedInterfaceOrientations_iPad = "UIInterfaceOrientationPortrait UIInterfaceOrientationPortraitUpsideDown UIInterfaceOrientationLandscapeLeft UIInterfaceOrientationLandscapeRight";
				INFOPLIST_KEY_UISupportedInterfaceOrientations_iPhone = "UIInterfaceOrientationPortrait UIInterfaceOrientationLandscapeLeft UIInterfaceOrientationLandscapeRight";
				LD_RUNPATH_SEARCH_PATHS = (
					"$(inherited)",
					"@executable_path/Frameworks",
				);
				MARKETING_VERSION = 1.0;
				PRODUCT_BUNDLE_IDENTIFIER = AAA.MyHelper;
				PRODUCT_NAME = "$(TARGET_NAME)";
				SWIFT_EMIT_LOC_STRINGS = YES;
				SWIFT_VERSION = 5.0;
				TARGETED_DEVICE_FAMILY = "1,2";
			};
			name = Debug;
		};
		2875E4582A5424C400CB5BE7 /* Release */ = {
			isa = XCBuildConfiguration;
			buildSettings = {
				ASSETCATALOG_COMPILER_APPICON_NAME = AppIcon;
				ASSETCATALOG_COMPILER_GLOBAL_ACCENT_COLOR_NAME = AccentColor;
				CODE_SIGN_STYLE = Automatic;
				CURRENT_PROJECT_VERSION = 1;
				GENERATE_INFOPLIST_FILE = YES;
				INFOPLIST_FILE = MyHelper/Info.plist;
				INFOPLIST_KEY_UIApplicationSupportsIndirectInputEvents = YES;
				INFOPLIST_KEY_UILaunchStoryboardName = LaunchScreen;
				INFOPLIST_KEY_UIMainStoryboardFile = Main;
				INFOPLIST_KEY_UISupportedInterfaceOrientations_iPad = "UIInterfaceOrientationPortrait UIInterfaceOrientationPortraitUpsideDown UIInterfaceOrientationLandscapeLeft UIInterfaceOrientationLandscapeRight";
				INFOPLIST_KEY_UISupportedInterfaceOrientations_iPhone = "UIInterfaceOrientationPortrait UIInterfaceOrientationLandscapeLeft UIInterfaceOrientationLandscapeRight";
				LD_RUNPATH_SEARCH_PATHS = (
					"$(inherited)",
					"@executable_path/Frameworks",
				);
				MARKETING_VERSION = 1.0;
				PRODUCT_BUNDLE_IDENTIFIER = AAA.MyHelper;
				PRODUCT_NAME = "$(TARGET_NAME)";
				SWIFT_EMIT_LOC_STRINGS = YES;
				SWIFT_VERSION = 5.0;
				TARGETED_DEVICE_FAMILY = "1,2";
			};
			name = Release;
		};
/* End XCBuildConfiguration section */

/* Begin XCConfigurationList section */
		2875E43D2A5424C300CB5BE7 /* Build configuration list for PBXProject "MyHelper" */ = {
			isa = XCConfigurationList;
			buildConfigurations = (
				2875E4542A5424C400CB5BE7 /* Debug */,
				2875E4552A5424C400CB5BE7 /* Release */,
			);
			defaultConfigurationIsVisible = 0;
			defaultConfigurationName = Release;
		};
		2875E4562A5424C400CB5BE7 /* Build configuration list for PBXNativeTarget "MyHelper" */ = {
			isa = XCConfigurationList;
			buildConfigurations = (
				2875E4572A5424C400CB5BE7 /* Debug */,
				2875E4582A5424C400CB5BE7 /* Release */,
			);
			defaultConfigurationIsVisible = 0;
			defaultConfigurationName = Release;
		};
/* End XCConfigurationList section */
	};
	rootObject = 2875E43A2A5424C300CB5BE7 /* Project object */;
}
